
Microsoft Visual Studio Solution File, Format Version 12.00
# Visual Studio Version 16
VisualStudioVersion = 16.0.30914.41
MinimumVisualStudioVersion = 10.0.40219.1
Project("{FAE04EC0-301F-11D3-BF4B-00C04F79EFBC}") = "MvcMovie", "MvcMovie\MvcMovie.csproj", "{F317D16C-1A6C-4139-8DD3-C93ADD8837BE}"
EndProject
Global
	GlobalSection(SolutionConfigurationPlatforms) = preSolution
		Debug|Any CPU = Debug|Any CPU
		Release|Any CPU = Release|Any CPU
	EndGlobalSection
	GlobalSection(ProjectConfigurationPlatforms) = postSolution
		{F317D16C-1A6C-4139-8DD3-C93ADD8837BE}.Debug|Any CPU.ActiveCfg = Debug|Any CPU
		{F317D16C-1A6C-4139-8DD3-C93ADD8837BE}.Debug|Any CPU.Build.0 = Debug|Any CPU
		{F317D16C-1A6C-4139-8DD3-C93ADD8837BE}.Release|Any CPU.ActiveCfg = Release|Any CPU
		{F317D16C-1A6C-4139-8DD3-C93ADD8837BE}.Release|Any CPU.Build.0 = Release|Any CPU
	EndGlobalSection
	GlobalSection(SolutionProperties) = preSolution
		HideSolutionNode = FALSE
	EndGlobalSection
	GlobalSection(ExtensibilityGlobals) = postSolution
		SolutionGuid = {9CDAC61C-0639-44AA-8083-4D2698FA74C5}
	EndGlobalSection
EndGlobal
